
Microsoft Visual Studio Solution File, Format Version 12.00
Project("{2150E333-8FDC-42A3-9474-1A3956D46DE8}") = "src", "src", "{E15B6570-1887-4033-BDFB-656CDD11F72F}"
EndProject
Project("{FAE04EC0-301F-11D3-BF4B-00C04F79EFBC}") = "SpotDock.Web", "SpotDock.Web\SpotDock.Web.csproj", "{66CF9B81-DDD4-46F1-9E58-FA8B631F2332}"
EndProject
Project("{FAE04EC0-301F-11D3-BF4B-00C04F79EFBC}") = "SpotDock.Modules.Compute", "SpotDock.Modules.Compute\SpotDock.Modules.Compute.csproj", "{62CCE4A4-E61F-43DD-936C-6209F289CCCE}"
EndProject
Project("{FAE04EC0-301F-11D3-BF4B-00C04F79EFBC}") = "SpotDock.Modules.Billing", "SpotDock.Modules.Billing\SpotDock.Modules.Billing.csproj", "{6296312F-04E0-4C29-ACFB-C7E754F8219C}"
EndProject
Project("{FAE04EC0-301F-11D3-BF4B-00C04F79EFBC}") = "SpotDock.Shared.Kernel", "SpotDock.Shared.Kernel\SpotDock.Shared.Kernel.csproj", "{D44EB0B2-DEF8-4D18-B734-0ECBAA4EF433}"
EndProject
Project("{FAE04EC0-301F-11D3-BF4B-00C04F79EFBC}") = "SpotDock.Tests", "SpotDock.Tests\SpotDock.Tests.csproj", "{4F8A05DC-D495-48B6-B174-F7610B8383AF}"
EndProject
Project("{FAE04EC0-301F-11D3-BF4B-00C04F79EFBC}") = "SpotDock.Modules.Market", "SpotDock.Modules.Market\SpotDock.Modules.Market.csproj", "{B4D3FDA8-6877-4334-881F-5F4CF82FEE37}"
EndProject
Project("{FAE04EC0-301F-11D3-BF4B-00C04F79EFBC}") = "SpotDock.Modules.Auth", "SpotDock.Modules.Auth\SpotDock.Modules.Auth.csproj", "{86645A20-D8C6-43C9-A9D4-7B27414F2108}"
EndProject
Global
	GlobalSection(SolutionConfigurationPlatforms) = preSolution
		Debug|Any CPU = Debug|Any CPU
		Release|Any CPU = Release|Any CPU
	EndGlobalSection
	GlobalSection(NestedProjects) = preSolution
		{66CF9B81-DDD4-46F1-9E58-FA8B631F2332} = {E15B6570-1887-4033-BDFB-656CDD11F72F}
		{62CCE4A4-E61F-43DD-936C-6209F289CCCE} = {E15B6570-1887-4033-BDFB-656CDD11F72F}
		{6296312F-04E0-4C29-ACFB-C7E754F8219C} = {E15B6570-1887-4033-BDFB-656CDD11F72F}
		{D44EB0B2-DEF8-4D18-B734-0ECBAA4EF433} = {E15B6570-1887-4033-BDFB-656CDD11F72F}
		{4F8A05DC-D495-48B6-B174-F7610B8383AF} = {E15B6570-1887-4033-BDFB-656CDD11F72F}
		{B4D3FDA8-6877-4334-881F-5F4CF82FEE37} = {E15B6570-1887-4033-BDFB-656CDD11F72F}
		{86645A20-D8C6-43C9-A9D4-7B27414F2108} = {E15B6570-1887-4033-BDFB-656CDD11F72F}
	EndGlobalSection
	GlobalSection(ProjectConfigurationPlatforms) = postSolution
		{66CF9B81-DDD4-46F1-9E58-FA8B631F2332}.Debug|Any CPU.ActiveCfg = Debug|Any CPU
		{66CF9B81-DDD4-46F1-9E58-FA8B631F2332}.Debug|Any CPU.Build.0 = Debug|Any CPU
		{66CF9B81-DDD4-46F1-9E58-FA8B631F2332}.Release|Any CPU.ActiveCfg = Release|Any CPU
		{66CF9B81-DDD4-46F1-9E58-FA8B631F2332}.Release|Any CPU.Build.0 = Release|Any CPU
		{62CCE4A4-E61F-43DD-936C-6209F289CCCE}.Debug|Any CPU.ActiveCfg = Debug|Any CPU
		{62CCE4A4-E61F-43DD-936C-6209F289CCCE}.Debug|Any CPU.Build.0 = Debug|Any CPU
		{62CCE4A4-E61F-43DD-936C-6209F289CCCE}.Release|Any CPU.ActiveCfg = Release|Any CPU
		{62CCE4A4-E61F-43DD-936C-6209F289CCCE}.Release|Any CPU.Build.0 = Release|Any CPU
		{6296312F-04E0-4C29-ACFB-C7E754F8219C}.Debug|Any CPU.ActiveCfg = Debug|Any CPU
		{6296312F-04E0-4C29-ACFB-C7E754F8219C}.Debug|Any CPU.Build.0 = Debug|Any CPU
		{6296312F-04E0-4C29-ACFB-C7E754F8219C}.Release|Any CPU.ActiveCfg = Release|Any CPU
		{6296312F-04E0-4C29-ACFB-C7E754F8219C}.Release|Any CPU.Build.0 = Release|Any CPU
		{D44EB0B2-DEF8-4D18-B734-0ECBAA4EF433}.Debug|Any CPU.ActiveCfg = Debug|Any CPU
		{D44EB0B2-DEF8-4D18-B734-0ECBAA4EF433}.Debug|Any CPU.Build.0 = Debug|Any CPU
		{D44EB0B2-DEF8-4D18-B734-0ECBAA4EF433}.Release|Any CPU.ActiveCfg = Release|Any CPU
		{D44EB0B2-DEF8-4D18-B734-0ECBAA4EF433}.Release|Any CPU.Build.0 = Release|Any CPU
		{4F8A05DC-D495-48B6-B174-F7610B8383AF}.Debug|Any CPU.ActiveCfg = Debug|Any CPU
		{4F8A05DC-D495-48B6-B174-F7610B8383AF}.Debug|Any CPU.Build.0 = Debug|Any CPU
		{4F8A05DC-D495-48B6-B174-F7610B8383AF}.Release|Any CPU.ActiveCfg = Release|Any CPU
		{4F8A05DC-D495-48B6-B174-F7610B8383AF}.Release|Any CPU.Build.0 = Release|Any CPU
		{B4D3FDA8-6877-4334-881F-5F4CF82FEE37}.Debug|Any CPU.ActiveCfg = Debug|Any CPU
		{B4D3FDA8-6877-4334-881F-5F4CF82FEE37}.Debug|Any CPU.Build.0 = Debug|Any CPU
		{B4D3FDA8-6877-4334-881F-5F4CF82FEE37}.Release|Any CPU.ActiveCfg = Release|Any CPU
		{B4D3FDA8-6877-4334-881F-5F4CF82FEE37}.Release|Any CPU.Build.0 = Release|Any CPU
		{86645A20-D8C6-43C9-A9D4-7B27414F2108}.Debug|Any CPU.ActiveCfg = Debug|Any CPU
		{86645A20-D8C6-43C9-A9D4-7B27414F2108}.Debug|Any CPU.Build.0 = Debug|Any CPU
		{86645A20-D8C6-43C9-A9D4-7B27414F2108}.Release|Any CPU.ActiveCfg = Release|Any CPU
		{86645A20-D8C6-43C9-A9D4-7B27414F2108}.Release|Any CPU.Build.0 = Release|Any CPU
	EndGlobalSection
EndGlobal
